
Microsoft Visual Studio Solution File, Format Version 11.00
# Visual Studio 2010
Project("{FAE04EC0-301F-11D3-BF4B-00C04F79EFBC}") = "SmoothioDaemon", "SmoothioDaemon\SmoothioDaemon.csproj", "{B48D8D1E-030E-4D19-9E07-1B051F3986F5}"
EndProject
Project("{FAE04EC0-301F-11D3-BF4B-00C04F79EFBC}") = "SmoothioMonitor", "SmoothioMonitor\SmoothioMonitor.csproj", "{53561C43-DAE9-4F20-972F-5A75D00A51B1}"
EndProject
Global
	GlobalSection(SolutionConfigurationPlatforms) = preSolution
		Debug|Any CPU = Debug|Any CPU
		Release|Any CPU = Release|Any CPU
	EndGlobalSection
	GlobalSection(ProjectConfigurationPlatforms) = postSolution
		{B48D8D1E-030E-4D19-9E07-1B051F3986F5}.Debug|Any CPU.ActiveCfg = Debug|Any CPU
		{B48D8D1E-030E-4D19-9E07-1B051F3986F5}.Debug|Any CPU.Build.0 = Debug|Any CPU
		{B48D8D1E-030E-4D19-9E07-1B051F3986F5}.Release|Any CPU.ActiveCfg = Release|Any CPU
		{B48D8D1E-030E-4D19-9E07-1B051F3986F5}.Release|Any CPU.Build.0 = Release|Any CPU
		{53561C43-DAE9-4F20-972F-5A75D00A51B1}.Debug|Any CPU.ActiveCfg = Debug|Any CPU
		{53561C43-DAE9-4F20-972F-5A75D00A51B1}.Debug|Any CPU.Build.0 = Debug|Any CPU
		{53561C43-DAE9-4F20-972F-5A75D00A51B1}.Release|Any CPU.ActiveCfg = Release|Any CPU
		{53561C43-DAE9-4F20-972F-5A75D00A51B1}.Release|Any CPU.Build.0 = Release|Any CPU
	EndGlobalSection
	GlobalSection(SolutionProperties) = preSolution
		HideSolutionNode = FALSE
	EndGlobalSection
EndGlobal
